# This file is automatically @generated by Poetry 1.8.3 and should not be changed by hand.

[[package]]
name = "click"
version = "8.1.7"
description = "Composable command line interface toolkit"
optional = false
python-versions = ">=3.7"
files = [
    {file = "click-8.1.7-py3-none-any.whl", hash = "sha256:ae74fb96c20a0277a1d615f1e4d73c8414f5a98db8b799a7931d1582f3390c28"},
    {file = "click-8.1.7.tar.gz", hash = "sha256:ca9853ad459e787e2192211578cc907e7594e294c7ccc834310722b41b9ca6de"},
]

[package.dependencies]
colorama = {version = "*", markers = "platform_system == \"Windows\""}

[[package]]
name = "colorama"
version = "0.4.6"
description = "Cross-platform colored terminal text."
optional = false
python-versions = "!=3.0.*,!=3.1.*,!=3.2.*,!=3.3.*,!=3.4.*,!=3.5.*,!=3.6.*,>=2.7"
files = [
    {file = "colorama-0.4.6-py2.py3-none-any.whl", hash = "sha256:4f1d9991f5acc0ca119f9d443620b77f9d6b33703e51011c16baf57afb285fc6"},
    {file = "colorama-0.4.6.tar.gz", hash = "sha256:08695f5cb7ed6e0531a20572697297273c47b8cae5a63ffc6d6ed5c201be6e44"},
]

[[package]]
name = "dnspython"
version = "2.6.1"
description = "DNS toolkit"
optional = false
python-versions = ">=3.8"
files = [
    {file = "dnspython-2.6.1-py3-none-any.whl", hash = "sha256:5ef3b9680161f6fa89daf8ad451b5f1a33b18ae8a1c6778cdf4b43f08c0a6e50"},
    {file = "dnspython-2.6.1.tar.gz", hash = "sha256:e8f0f9c23a7b7cb99ded64e6c3a6f3e701d78f50c55e002b839dea7225cff7cc"},
]

[package.extras]
dev = ["black (>=23.1.0)", "coverage (>=7.0)", "flake8 (>=7)", "mypy (>=1.8)", "pylint (>=3)", "pytest (>=7.4)", "pytest-cov (>=4.1.0)", "sphinx (>=7.2.0)", "twine (>=4.0.0)", "wheel (>=0.42.0)"]
dnssec = ["cryptography (>=41)"]
doh = ["h2 (>=4.1.0)", "httpcore (>=1.0.0)", "httpx (>=0.26.0)"]
doq = ["aioquic (>=0.9.25)"]
idna = ["idna (>=3.6)"]
trio = ["trio (>=0.23)"]
wmi = ["wmi (>=1.5.1)"]

[[package]]
name = "markdown-it-py"
version = "3.0.0"
description = "Python port of markdown-it. Markdown parsing, done right!"
optional = false
python-versions = ">=3.8"
files = [
    {file = "markdown-it-py-3.0.0.tar.gz", hash = "sha256:e3f60a94fa066dc52ec76661e37c851cb232d92f9886b15cb560aaada2df8feb"},
    {file = "markdown_it_py-3.0.0-py3-none-any.whl", hash = "sha256:355216845c60bd96232cd8d8c40e8f9765cc86f46880e43a8fd22dc1a1a8cab1"},
]

[package.dependencies]
mdurl = ">=0.1,<1.0"

[package.extras]
benchmarking = ["psutil", "pytest", "pytest-benchmark"]
code-style = ["pre-commit (>=3.0,<4.0)"]
compare = ["commonmark (>=0.9,<1.0)", "markdown (>=3.4,<4.0)", "mistletoe (>=1.0,<2.0)", "mistune (>=2.0,<3.0)", "panflute (>=2.3,<3.0)"]
linkify = ["linkify-it-py (>=1,<3)"]
plugins = ["mdit-py-plugins"]
profiling = ["gprof2dot"]
rtd = ["jupyter_sphinx", "mdit-py-plugins", "myst-parser", "pyyaml", "sphinx", "sphinx-copybutton", "sphinx-design", "sphinx_book_theme"]
testing = ["coverage", "pytest", "pytest-cov", "pytest-regressions"]

[[package]]
name = "mdurl"
version = "0.1.2"
description = "Markdown URL utilities"
optional = false
python-versions = ">=3.7"
files = [
    {file = "mdurl-0.1.2-py3-none-any.whl", hash = "sha256:84008a41e51615a49fc9966191ff91509e3c40b939176e643fd50a5c2196b8f8"},
    {file = "mdurl-0.1.2.tar.gz", hash = "sha256:bb413d29f5eea38f31dd4754dd7377d4465116fb207585f97bf925588687c1ba"},
]

[[package]]
name = "mysql-connector-python"
version = "9.0.0"
description = "MySQL driver written in Python"
optional = false
python-versions = ">=3.8"
files = [
    {file = "mysql-connector-python-9.0.0.tar.gz", hash = "sha256:8a404db37864acca43fd76222d1fbc7ff8d17d4ce02d803289c2141c2693ce9e"},
    {file = "mysql_connector_python-9.0.0-cp310-cp310-macosx_13_0_arm64.whl", hash = "sha256:72bfd0213364c2bea0244f6432ababb2f204cff43f4f886c65dca2be11f536ee"},
    {file = "mysql_connector_python-9.0.0-cp310-cp310-macosx_13_0_x86_64.whl", hash = "sha256:052058cf3dc0bf183ab522132f3b18a614a26f3e392ae886efcdab38d4f4fc42"},
    {file = "mysql_connector_python-9.0.0-cp310-cp310-manylinux_2_17_aarch64.whl", hash = "sha256:f41cb8da8bb487ed60329ac31789c50621f0e6d2c26abc7d4ae2383838fb1b93"},
    {file = "mysql_connector_python-9.0.0-cp310-cp310-manylinux_2_17_x86_64.whl", hash = "sha256:67fc2b2e67a63963c633fc884f285a8de5a626967a3cc5f5d48ac3e8d15b122d"},
    {file = "mysql_connector_python-9.0.0-cp310-cp310-win_amd64.whl", hash = "sha256:933c3e39d30cc6f9ff636d27d18aa3f1341b23d803ade4b57a76f91c26d14066"},
    {file = "mysql_connector_python-9.0.0-cp311-cp311-macosx_13_0_arm64.whl", hash = "sha256:7af7f68198f2aca3a520e1201fe2b329331e0ca19a481f3b3451cb0746f56c01"},
    {file = "mysql_connector_python-9.0.0-cp311-cp311-macosx_13_0_x86_64.whl", hash = "sha256:38c229d76cd1dea8465357855f2b2842b7a9b201f17dea13b0eab7d3b9d6ad74"},
    {file = "mysql_connector_python-9.0.0-cp311-cp311-manylinux_2_17_aarch64.whl", hash = "sha256:c01aad36f0c34ca3f642018be37fd0d55c546f088837cba88f1a1aff408c63dd"},
    {file = "mysql_connector_python-9.0.0-cp311-cp311-manylinux_2_17_x86_64.whl", hash = "sha256:853c5916d188ef2c357a474e15ac81cafae6085e599ceb9b2b0bcb9104118e63"},
    {file = "mysql_connector_python-9.0.0-cp311-cp311-win_amd64.whl", hash = "sha256:134b71e439e2eafaee4c550365221ae2890dd54fb76227c64a87a94a07fe79b4"},
    {file = "mysql_connector_python-9.0.0-cp312-cp312-macosx_13_0_arm64.whl", hash = "sha256:9199d6ecc81576602990178f0c2fb71737c53a598c8a2f51e1097a53fcfaee40"},
    {file = "mysql_connector_python-9.0.0-cp312-cp312-macosx_13_0_x86_64.whl", hash = "sha256:b267a6c000b7f98e6436a9acefa5582a9662e503b0632a2562e3093a677f6845"},
    {file = "mysql_connector_python-9.0.0-cp312-cp312-manylinux_2_17_aarch64.whl", hash = "sha256:ac92b2f2a9307ac0c4aafdfcf7ecf01ec92dfebd9140f8c95353adfbf5822cd4"},
    {file = "mysql_connector_python-9.0.0-cp312-cp312-manylinux_2_17_x86_64.whl", hash = "sha256:ced1fa55e653d28f66c4f3569ed524d4d92098119dcd80c2fa026872a30eba55"},
    {file = "mysql_connector_python-9.0.0-cp312-cp312-win_amd64.whl", hash = "sha256:ca8349fe56ce39498d9b5ca8eabba744774e94d85775259f26a43a03e8825429"},
    {file = "mysql_connector_python-9.0.0-cp38-cp38-macosx_13_0_x86_64.whl", hash = "sha256:a48534b881c176557ddc78527c8c75b4c9402511e972670ad33c5e49d31eddfe"},
    {file = "mysql_connector_python-9.0.0-cp38-cp38-manylinux_2_17_aarch64.whl", hash = "sha256:e90a7b96ce2c6a60f6e2609b0c83f45bd55e144cc7c2a9714e344938827da363"},
    {file = "mysql_connector_python-9.0.0-cp38-cp38-manylinux_2_17_x86_64.whl", hash = "sha256:2a8f451c4d700802fdfe515890c14974766c322213df2ceed3b27752929dc70f"},
    {file = "mysql_connector_python-9.0.0-cp38-cp38-win_amd64.whl", hash = "sha256:2dcf05355315e5c7c81e9eca34395d78f29c4da3662e869e42dd7b16380f92ce"},
    {file = "mysql_connector_python-9.0.0-cp39-cp39-macosx_13_0_arm64.whl", hash = "sha256:823190e7f2a9b4bcc574ab6bb72a33802933e1a8c171594faad90162d2d27758"},
    {file = "mysql_connector_python-9.0.0-cp39-cp39-macosx_13_0_x86_64.whl", hash = "sha256:b8639d8aa381a7d19b92ca1a32448f09baaf80787e50187d1f7d072191430768"},
    {file = "mysql_connector_python-9.0.0-cp39-cp39-manylinux_2_17_aarch64.whl", hash = "sha256:a688ea65b2ea771b9b69dc409377240a7cab7c1aafef46cd75219d5a94ba49e0"},
    {file = "mysql_connector_python-9.0.0-cp39-cp39-manylinux_2_17_x86_64.whl", hash = "sha256:6d92c58f71c691f86ad35bb2f3e13d7a9cc1c84ce0b04c146e5980e450faeff1"},
    {file = "mysql_connector_python-9.0.0-cp39-cp39-win_amd64.whl", hash = "sha256:eacc353dcf6f39665d4ca3311ded5ddae0f5a117f03107991d4185ffa59fd890"},
    {file = "mysql_connector_python-9.0.0-py2.py3-none-any.whl", hash = "sha256:016d81bb1499dee8b77c82464244e98f10d3671ceefb4023adc559267d1fad50"},
]

[package.extras]
dns-srv = ["dnspython (==2.6.1)"]
fido2 = ["fido2 (==1.1.2)"]
gssapi = ["gssapi (>=1.6.9,<=1.8.2)"]
telemetry = ["opentelemetry-api (==1.18.0)", "opentelemetry-exporter-otlp-proto-http (==1.18.0)", "opentelemetry-sdk (==1.18.0)"]

[[package]]
name = "pygments"
version = "2.18.0"
description = "Pygments is a syntax highlighting package written in Python."
optional = false
python-versions = ">=3.8"
files = [
    {file = "pygments-2.18.0-py3-none-any.whl", hash = "sha256:b8e6aca0523f3ab76fee51799c488e38782ac06eafcf95e7ba832985c8e7b13a"},
    {file = "pygments-2.18.0.tar.gz", hash = "sha256:786ff802f32e91311bff3889f6e9a86e81505fe99f2735bb6d60ae0c5004f199"},
]

[package.extras]
windows-terminal = ["colorama (>=0.4.6)"]

[[package]]
name = "pymongo"
version = "4.9.1"
description = "Python driver for MongoDB <http://www.mongodb.org>"
optional = false
python-versions = ">=3.8"
files = [
    {file = "pymongo-4.9.1-cp310-cp310-macosx_10_9_x86_64.whl", hash = "sha256:dc3d070d746ab79e9b393a5c236df20e56607389af2b79bf1bfe9a841117558e"},
    {file = "pymongo-4.9.1-cp310-cp310-macosx_11_0_arm64.whl", hash = "sha256:fe709d05654c12fc513617c8d5c8d05b7e9cf1d5d94ada68add4e89530c867d2"},
    {file = "pymongo-4.9.1-cp310-cp310-manylinux_2_17_aarch64.manylinux2014_aarch64.whl", hash = "sha256:aa4493f304b33c5d2ecee3055c98889ac6724d56f5f922d47420a45d0d4099c9"},
    {file = "pymongo-4.9.1-cp310-cp310-manylinux_2_17_ppc64le.manylinux2014_ppc64le.whl", hash = "sha256:f8e8b8deba6a4bff3dd5421071083219521c74d2acae0322de5c06f1a66c56af"},
    {file = "pymongo-4.9.1-cp310-cp310-manylinux_2_17_s390x.manylinux2014_s390x.whl", hash = "sha256:e3645aff8419ca60f9ccd08966b2f6b0d78053f9f98a814d025426f1d874c19a"},
    {file = "pymongo-4.9.1-cp310-cp310-manylinux_2_17_x86_64.manylinux2014_x86_64.whl", hash = "sha256:51dbc6251c6783dfcc7d657c346986d8bad7210989b2fe15de16db5204a8e7ae"},
    {file = "pymongo-4.9.1-cp310-cp310-manylinux_2_5_i686.manylinux1_i686.manylinux_2_17_i686.manylinux2014_i686.whl", hash = "sha256:1d7aa9cc2d92e73bdb036c578ba019da94ea165eb147e691cd910a6fab7ce3b7"},
    {file = "pymongo-4.9.1-cp310-cp310-win32.whl", hash = "sha256:8b632e01617f2608880f7b9926f54a5f5ebb51631996e0540fff7fc7980663c9"},
    {file = "pymongo-4.9.1-cp310-cp310-win_amd64.whl", hash = "sha256:f05e34d401be871d7c87cb10727d49315444e4ded07ff876a595e4c23b7436da"},
    {file = "pymongo-4.9.1-cp311-cp311-macosx_10_9_x86_64.whl", hash = "sha256:6bb3d5282278594753089dc7da48bfae4a7f337a2dd4d397eabb591c649e58d0"},
    {file = "pymongo-4.9.1-cp311-cp311-macosx_11_0_arm64.whl", hash = "sha256:8f0d5258bc85a4e6b5bcae8160628168e71ec4625a58ceb53327c3280a0b6914"},
    {file = "pymongo-4.9.1-cp311-cp311-manylinux_2_17_aarch64.manylinux2014_aarch64.whl", hash = "sha256:96462fb2175f740701d229f52018ea6e4adc4148c4112e6628bb359dd534a3df"},
    {file = "pymongo-4.9.1-cp311-cp311-manylinux_2_17_ppc64le.manylinux2014_ppc64le.whl", hash = "sha256:286fb275267f0293364ba579f6354452599161f1902ad411061c7f744ab88328"},
    {file = "pymongo-4.9.1-cp311-cp311-manylinux_2_17_s390x.manylinux2014_s390x.whl", hash = "sha256:4cddb51cead9700c4dccc916952bc0321b8d766bf782d374bfa0e93ef47c1d20"},
    {file = "pymongo-4.9.1-cp311-cp311-manylinux_2_17_x86_64.manylinux2014_x86_64.whl", hash = "sha256:1d79f20f9c7cbc1c708fb80b648b6fbd3220fd3437a9bd6017c1eb592e03b361"},
    {file = "pymongo-4.9.1-cp311-cp311-manylinux_2_5_i686.manylinux1_i686.manylinux_2_17_i686.manylinux2014_i686.whl", hash = "sha256:dd3352eaf578f8e9bdea7a5692910eedad1e8680f60726fc70e99c8af51a5449"},
    {file = "pymongo-4.9.1-cp311-cp311-win32.whl", hash = "sha256:ea3f0196e7c311b9944a609ac175bd91ab97952164a1246716fdd38d53ca3bcc"},
    {file = "pymongo-4.9.1-cp311-cp311-win_amd64.whl", hash = "sha256:b4c793db8457c856f333f396798470b9bfe405e17c307d581532c74cec70150c"},
    {file = "pymongo-4.9.1-cp312-cp312-macosx_10_13_x86_64.whl", hash = "sha256:47b4896544095d172c366dd4d4ea1da6b0ab1a77d8416897cc1801e2421b1e67"},
    {file = "pymongo-4.9.1-cp312-cp312-macosx_11_0_arm64.whl", hash = "sha256:fbb1c7dfcf6c44e9e1928290631c7603817991cdf570691c9e15fca594918435"},
    {file = "pymongo-4.9.1-cp312-cp312-manylinux_2_17_aarch64.manylinux2014_aarch64.whl", hash = "sha256:a7689da1d1b444284e4ea9ab2eb64a15307b6b795918c0f3cd7774dd1d8a7556"},
    {file = "pymongo-4.9.1-cp312-cp312-manylinux_2_17_ppc64le.manylinux2014_ppc64le.whl", hash = "sha256:7f962d74201c772555f7a78792fed820a5ea76db5c7ee6cf43748e411b44e430"},
    {file = "pymongo-4.9.1-cp312-cp312-manylinux_2_17_s390x.manylinux2014_s390x.whl", hash = "sha256:08fbab69f3fb6f8088c81f4c4a8abd84a99c132034f5e27e47f894bbcb6bf439"},
    {file = "pymongo-4.9.1-cp312-cp312-manylinux_2_17_x86_64.manylinux2014_x86_64.whl", hash = "sha256:4327c0d9bd616b8289691360f2d4a09a72fe35479795832eae0d4ff78af53923"},
    {file = "pymongo-4.9.1-cp312-cp312-manylinux_2_5_i686.manylinux1_i686.manylinux_2_17_i686.manylinux2014_i686.whl", hash = "sha256:34e4993ae78be56f9e27a141168a1ab78253576fa3e893fa335a719ce204c3ef"},
    {file = "pymongo-4.9.1-cp312-cp312-win32.whl", hash = "sha256:e1f346811d4a2369f88ab7a6f886fa9c3bbc9ed4e4f4a3becca8717a73d465cb"},
    {file = "pymongo-4.9.1-cp312-cp312-win_amd64.whl", hash = "sha256:a2b12c74cfd90147babb77f9728646bcedfdbd2bd2a5b4130a00e3a0af1a3d34"},
    {file = "pymongo-4.9.1-cp313-cp313-macosx_10_13_x86_64.whl", hash = "sha256:a40ea8bc9cffb61c5c9c426c430d22235e085e610ee81ae075ddf51f12f76236"},
    {file = "pymongo-4.9.1-cp313-cp313-macosx_11_0_arm64.whl", hash = "sha256:75d5974f874acdb2f125bdbe785045b23a39ecce1d3143dd5712800c7b6d25eb"},
    {file = "pymongo-4.9.1-cp313-cp313-manylinux_2_17_aarch64.manylinux2014_aarch64.whl", hash = "sha256:f23a046531030318622414f21198e232cf93c5640da9a80b45596a059c8cc090"},
    {file = "pymongo-4.9.1-cp313-cp313-manylinux_2_17_ppc64le.manylinux2014_ppc64le.whl", hash = "sha256:91b1a92214c3912af5467f77c2f6435cd76f6de64c70cba7bb4ee43eba7f459e"},
    {file = "pymongo-4.9.1-cp313-cp313-manylinux_2_17_s390x.manylinux2014_s390x.whl", hash = "sha256:3a846423c4535428f69a90a1451df3718bc59f0c4ab685b9e96d3071951e0be4"},
    {file = "pymongo-4.9.1-cp313-cp313-manylinux_2_17_x86_64.manylinux2014_x86_64.whl", hash = "sha256:d476d91a5c9e6c37bc8ec3fb294e1c01d95736ccf01a59bb1540fe2f710f826e"},
    {file = "pymongo-4.9.1-cp313-cp313-manylinux_2_5_i686.manylinux1_i686.manylinux_2_17_i686.manylinux2014_i686.whl", hash = "sha256:172d8ba0f567e351a18765db23dab7dbcfdffd91a8788d90d46b350f80a40781"},
    {file = "pymongo-4.9.1-cp313-cp313-win32.whl", hash = "sha256:95418e334629440f70fe5ceeefc6cbbd50defb566901c8d68179ffbaec8d5f01"},
    {file = "pymongo-4.9.1-cp313-cp313-win_amd64.whl", hash = "sha256:1dfd2aa30174d36a3ef1dae4ee4c89710c2d65cac52ce6e13f17c710edbd61cf"},
    {file = "pymongo-4.9.1-cp38-cp38-macosx_10_9_x86_64.whl", hash = "sha256:c4204fad54830a3173a5c939cd052d0561fba03dba7e0ff6852fd631f3314aa4"},
    {file = "pymongo-4.9.1-cp38-cp38-macosx_11_0_arm64.whl", hash = "sha256:375765ec81b1f0a26d08928afea0c3dff897c36080a090be53fc7b70cc51d497"},
    {file = "pymongo-4.9.1-cp38-cp38-manylinux_2_17_aarch64.manylinux2014_aarch64.whl", hash = "sha256:4d1b959a3dda0775d9111622ee47ad47772aed3a9da2e7d5f2f513fa68175dea"},
    {file = "pymongo-4.9.1-cp38-cp38-manylinux_2_17_ppc64le.manylinux2014_ppc64le.whl", hash = "sha256:42c19d2b094cdd0ead7dbb38860bbe8268c140334ce55d8b39204ddb4ebd4904"},
    {file = "pymongo-4.9.1-cp38-cp38-manylinux_2_17_s390x.manylinux2014_s390x.whl", hash = "sha256:1fac1def9e9073f1c80198c99f0ec39c2528236c8912d96d7fd3b0237f4c523a"},
    {file = "pymongo-4.9.1-cp38-cp38-manylinux_2_17_x86_64.manylinux2014_x86_64.whl", hash = "sha256:b347052d510989d1f52b8553b31297f21cf74bd9f6aed71ee84e563492f4ff17"},
    {file = "pymongo-4.9.1-cp38-cp38-manylinux_2_5_i686.manylinux1_i686.manylinux_2_17_i686.manylinux2014_i686.whl", hash = "sha256:1b4b961fce213f2bcdc92268f85111a3668c61b9b4d4e7ece27dce3a137cfcbd"},
    {file = "pymongo-4.9.1-cp38-cp38-manylinux_2_5_i686.manylinux1_i686.whl", hash = "sha256:a0b10cf51ec14a487c94709d294c00e1fb6a0a4c38cdc3acfb2ced5ef60972a0"},
    {file = "pymongo-4.9.1-cp38-cp38-manylinux_2_5_x86_64.manylinux1_x86_64.whl", hash = "sha256:679b8d55854da7c7fdb82aa5e092ab4de0144daf6758defed8ab00ff9ce05360"},
    {file = "pymongo-4.9.1-cp38-cp38-win32.whl", hash = "sha256:432ad395d2233056b042ccc73234e7136aa65d944d6bd8b5138394bd38aaff79"},
    {file = "pymongo-4.9.1-cp38-cp38-win_amd64.whl", hash = "sha256:9fbe9fad27619ac4cfda5df0ade26a99906da7dfe7b01deddc25997eb1804e4c"},
    {file = "pymongo-4.9.1-cp39-cp39-macosx_10_9_x86_64.whl", hash = "sha256:99b611ff75b5d9e17183dcf9584a7b04f9db07e51a162f23ea05e485e0735c0a"},
    {file = "pymongo-4.9.1-cp39-cp39-macosx_11_0_arm64.whl", hash = "sha256:8089003a99127f917bdbeec177d41cef019cda8ec70534c1018cb60aacd23c2a"},
    {file = "pymongo-4.9.1-cp39-cp39-manylinux_2_17_aarch64.manylinux2014_aarch64.whl", hash = "sha256:9d78adf25967c06298c7e488f4cfab79a390fc32c2b1d428613976f99031603d"},
    {file = "pymongo-4.9.1-cp39-cp39-manylinux_2_17_ppc64le.manylinux2014_ppc64le.whl", hash = "sha256:56877cfcdf7dfc5c6408e4551ec0d6d65ebbca4d744a0bc90400f09ef6bbcc8a"},
    {file = "pymongo-4.9.1-cp39-cp39-manylinux_2_17_s390x.manylinux2014_s390x.whl", hash = "sha256:16d2efe559d0d96bc0b74b3ff76701ad6f6e1a65f6581b573dcacc29158131c8"},
    {file = "pymongo-4.9.1-cp39-cp39-manylinux_2_17_x86_64.manylinux2014_x86_64.whl", hash = "sha256:f838f613e74b4dad8ace0d90f42346005bece4eda5bf6d389cfadb8322d39316"},
    {file = "pymongo-4.9.1-cp39-cp39-manylinux_2_5_i686.manylinux1_i686.manylinux_2_17_i686.manylinux2014_i686.whl", hash = "sha256:db5b299e11284f8d82ce2983d8e19fcc28f98f902a179709ef1982b4cca6f8b8"},
    {file = "pymongo-4.9.1-cp39-cp39-manylinux_2_5_i686.manylinux1_i686.whl", hash = "sha256:b23211c031b45d0f32de83ab7d77f9c26f1025c2d2c91463a5d8594a16103655"},
    {file = "pymongo-4.9.1-cp39-cp39-manylinux_2_5_x86_64.manylinux1_x86_64.whl", hash = "sha256:687cf70e096381bc65b4273a6a9319617618f7ace65caffc356e1099c4a68511"},
    {file = "pymongo-4.9.1-cp39-cp39-win32.whl", hash = "sha256:e02b03e3815b80a63e773e4c32aed3cf5633d406f376477be74550295c211256"},
    {file = "pymongo-4.9.1-cp39-cp39-win_amd64.whl", hash = "sha256:0492ef43f3342354cf581712e431621c221f60c877ebded84e3f3e53b71bbbe0"},
    {file = "pymongo-4.9.1.tar.gz", hash = "sha256:b7f2d34390acf60e229c30037d1473fcf69f4536cd7f48f6f78c0c931c61c505"},
]

[package.dependencies]
dnspython = ">=1.16.0,<3.0.0"

[package.extras]
aws = ["pymongo-auth-aws (>=1.1.0,<2.0.0)"]
docs = ["furo (==2023.9.10)", "readthedocs-sphinx-search (>=0.3,<1.0)", "sphinx (>=5.3,<8)", "sphinx-autobuild (>=2020.9.1)", "sphinx-rtd-theme (>=2,<3)", "sphinxcontrib-shellcheck (>=1,<2)"]
encryption = ["certifi", "pymongo-auth-aws (>=1.1.0,<2.0.0)", "pymongocrypt (>=1.10.0,<2.0.0)"]
gssapi = ["pykerberos", "winkerberos (>=0.5.0)"]
ocsp = ["certifi", "cryptography (>=2.5)", "pyopenssl (>=17.2.0)", "requests (<3.0.0)", "service-identity (>=18.1.0)"]
snappy = ["python-snappy"]
test = ["pytest (>=8.2)", "pytest-asyncio (>=0.24.0)"]
zstd = ["zstandard"]

[[package]]
name = "pymssql"
version = "2.3.1"
description = "DB-API interface to Microsoft SQL Server for Python. (new Cython-based version)"
optional = false
python-versions = "*"
files = [
    {file = "pymssql-2.3.1-cp310-cp310-macosx_13_0_x86_64.whl", hash = "sha256:001b3321a5f620b80d1427933fcca11b05f29a808d7772a84d18d01e640ee60a"},
    {file = "pymssql-2.3.1-cp310-cp310-manylinux_2_17_aarch64.manylinux2014_aarch64.whl", hash = "sha256:15466dd41be5e32302f0c4791f612aadd608a0e6ec0b10d769e76cbb4c86aa97"},
    {file = "pymssql-2.3.1-cp310-cp310-manylinux_2_17_i686.manylinux2014_i686.whl", hash = "sha256:74349040d4ff6f05894aefb5109ecffcd416e1e366d9951085d3225a9d09c46b"},
    {file = "pymssql-2.3.1-cp310-cp310-manylinux_2_17_x86_64.manylinux2014_x86_64.whl", hash = "sha256:bc79dbe5eca8825b73830c8bb147b6f588300dc7510393822682162dc4ff003f"},
    {file = "pymssql-2.3.1-cp310-cp310-manylinux_2_28_x86_64.whl", hash = "sha256:0b93ebe2feb45e772ca708bc4cd70f3e4c72796ec1b157fd5d80cdc589c786aa"},
    {file = "pymssql-2.3.1-cp310-cp310-musllinux_1_1_i686.whl", hash = "sha256:44b1c8752c0fc6750902c1c521f258bdf4271bfbf7b2a5fee469b6ad00631aab"},
    {file = "pymssql-2.3.1-cp310-cp310-musllinux_1_1_x86_64.whl", hash = "sha256:fdfadb055a9ecad58356decfecc41626999ad7b548cc7ea898cf159e2217f7bb"},
    {file = "pymssql-2.3.1-cp310-cp310-musllinux_1_2_i686.whl", hash = "sha256:46f1074c6763e9a899128f22a0f72e9fb0035535f48efabd6a294db1c149e6f1"},
    {file = "pymssql-2.3.1-cp310-cp310-musllinux_1_2_x86_64.whl", hash = "sha256:ebb11b61d99ec5bbe0b8c411ff748a90263cdaf474881de231da8184e721c42c"},
    {file = "pymssql-2.3.1-cp310-cp310-win32.whl", hash = "sha256:2ef07fdee3e9652d39b4c081c5c5e1a1031abd122b402ed66813bceb3874ccea"},
    {file = "pymssql-2.3.1-cp310-cp310-win_amd64.whl", hash = "sha256:791522339215cb7f88db54c831a2347e0c4d69dd3092a343eea5b9339adf4412"},
    {file = "pymssql-2.3.1-cp311-cp311-macosx_13_0_universal2.whl", hash = "sha256:0433ffa1c86290a93e81176f377621cb70405be66ade8f3070d3f5ec9cfebdba"},
    {file = "pymssql-2.3.1-cp311-cp311-manylinux_2_17_aarch64.manylinux2014_aarch64.whl", hash = "sha256:6182d82ebfbe46f0e7748d068c6a1c16c0f4fe1f34f1c390f63375cee79b44b0"},
    {file = "pymssql-2.3.1-cp311-cp311-manylinux_2_17_i686.manylinux2014_i686.whl", hash = "sha256:cfbe07dcf0aaee8ce630624669cb2fb77b76743d4dd925f99331422be8704de3"},
    {file = "pymssql-2.3.1-cp311-cp311-manylinux_2_17_x86_64.manylinux2014_x86_64.whl", hash = "sha256:7d999c8e5d5d48e9305c4132392825de402f13feea15694e4e7103029b6eae06"},
    {file = "pymssql-2.3.1-cp311-cp311-manylinux_2_28_x86_64.whl", hash = "sha256:2dced0a76d8e99c283103a2e3c825ca22c67f1f8fc5cff657510f4d2ffb9d188"},
    {file = "pymssql-2.3.1-cp311-cp311-musllinux_1_1_i686.whl", hash = "sha256:880d3173025dea3babf5ab862875b3c76a5cf8df5b292418050c7793c651c0b2"},
    {file = "pymssql-2.3.1-cp311-cp311-musllinux_1_1_x86_64.whl", hash = "sha256:9f89c698e29ce5c576e4980ded89c00b45e482ec02759bfbfc1aa326648cf64a"},
    {file = "pymssql-2.3.1-cp311-cp311-musllinux_1_2_i686.whl", hash = "sha256:3f4f2a38ce6e39ed2414c20ca16deaea4340868033a4bb23d5e4e30c72290caf"},
    {file = "pymssql-2.3.1-cp311-cp311-musllinux_1_2_x86_64.whl", hash = "sha256:e34e8aa1d3da555dbf23141b02f401267c0be32104b4f030afd0bae62d26d735"},
    {file = "pymssql-2.3.1-cp311-cp311-win32.whl", hash = "sha256:72e57e20802bf97399e050a0760a4541996fc27bc605a1a25e48ca6fe4913c48"},
    {file = "pymssql-2.3.1-cp311-cp311-win_amd64.whl", hash = "sha256:b5d3604bca2fa8d5ba2eed1582a3c8a83970a8d2edabfcfd87c1edecb7617d16"},
    {file = "pymssql-2.3.1-cp312-cp312-macosx_13_0_universal2.whl", hash = "sha256:c28f1b9560b82fe1a1e51d8c56f6d36bca7c507a8cdf2caa2a0642503c220d5c"},
    {file = "pymssql-2.3.1-cp312-cp312-manylinux_2_17_aarch64.manylinux2014_aarch64.whl", hash = "sha256:e3509b75747eb22ae89f3d47ae316a4b9eac7d952269e88b356ef117a1b8e3b8"},
    {file = "pymssql-2.3.1-cp312-cp312-manylinux_2_17_i686.manylinux2014_i686.whl", hash = "sha256:cca3bed27e1ab867e482fa8b529d408489ad57e8b60452f75ef288da90573db6"},
    {file = "pymssql-2.3.1-cp312-cp312-manylinux_2_17_x86_64.manylinux2014_x86_64.whl", hash = "sha256:4fe3276915e6040daec409203e3143aa2826984adb8d223c155dab91010110a4"},
    {file = "pymssql-2.3.1-cp312-cp312-manylinux_2_28_x86_64.whl", hash = "sha256:d36d566d0d6997c95442c3d2902800e6b072ccc017c6284e5b1bd4e17dc8fada"},
    {file = "pymssql-2.3.1-cp312-cp312-musllinux_1_1_i686.whl", hash = "sha256:3564df40a678623a769acd9677dc68228b2694170132c6f296eb62bf766d31e4"},
    {file = "pymssql-2.3.1-cp312-cp312-musllinux_1_1_x86_64.whl", hash = "sha256:3dbd4106faabf97f028d0ac59b30d132cfb5e48cf5314b0476f293123dbf3422"},
    {file = "pymssql-2.3.1-cp312-cp312-musllinux_1_2_i686.whl", hash = "sha256:acd1690d9b1b2ece9d0e1fd7d68571fc9fa56b6ba8697a3132446419ff7fb3f4"},
    {file = "pymssql-2.3.1-cp312-cp312-musllinux_1_2_x86_64.whl", hash = "sha256:126e0b78773975136e6385da7286c277e2e0320c1f4bee0e4dc61a5edcf98c41"},
    {file = "pymssql-2.3.1-cp312-cp312-win32.whl", hash = "sha256:21803b731b8c8780fc974d9b4931fa8f1ca29c227502a4c317e12773c8bdef43"},
    {file = "pymssql-2.3.1-cp312-cp312-win_amd64.whl", hash = "sha256:6b0224fc5ce4cf0703278859f145e3e921c04d9feb59739a104d3020bbf0c0c1"},
    {file = "pymssql-2.3.1-cp313-cp313-manylinux_2_17_aarch64.manylinux2014_aarch64.whl", hash = "sha256:709c1df3134e330ee9590437253be363b558154bde5bb54856fc5fe68a03c971"},
    {file = "pymssql-2.3.1-cp313-cp313-manylinux_2_17_i686.manylinux2014_i686.whl", hash = "sha256:b9381eafaf529815f2d61f22b99e0538e744b31234f17d4384f5b0496bd1fbed"},
    {file = "pymssql-2.3.1-cp313-cp313-manylinux_2_17_x86_64.manylinux2014_x86_64.whl", hash = "sha256:c3bf78789014f202855f5d00de982bbcd95177fe8bcf920f0ce730b72456c173"},
    {file = "pymssql-2.3.1-cp313-cp313-manylinux_2_28_x86_64.whl", hash = "sha256:4b44280eedd0a3f031e9464d4fc632a215fadcfb375bb479065b61a6337df402"},
    {file = "pymssql-2.3.1-cp313-cp313-musllinux_1_1_i686.whl", hash = "sha256:922f536b925880c260968c8f2130b1c9d6315b83f300f18365b5421933f034a2"},
    {file = "pymssql-2.3.1-cp313-cp313-musllinux_1_1_x86_64.whl", hash = "sha256:f00f618d1c0f58617de548e5094f7d55ab6034b94068d7eebba60a034866b10b"},
    {file = "pymssql-2.3.1-cp313-cp313-musllinux_1_2_i686.whl", hash = "sha256:b363db86a1a3fe16df9b4253e17b02a268d0f2e2753679b8e85cee268e2fe8c4"},
    {file = "pymssql-2.3.1-cp313-cp313-musllinux_1_2_x86_64.whl", hash = "sha256:396a26cf576196cc4a3d77890b2b8eb62655ff02846288757dd8b587352cc4f5"},
    {file = "pymssql-2.3.1-cp36-cp36m-win32.whl", hash = "sha256:5a1a1c697596f23058697709144d00a44e7af6ecab6a517f2ecf28dcf8fb4280"},
    {file = "pymssql-2.3.1-cp36-cp36m-win_amd64.whl", hash = "sha256:4f92e8657d42341dce01f7f57d03f84b35c0ed00a7bef24533ff80a37ffcfb4e"},
    {file = "pymssql-2.3.1-cp37-cp37m-manylinux_2_17_aarch64.manylinux2014_aarch64.whl", hash = "sha256:095b50e43bfbc4d6f953810175ba275bb3e6136206f3a7146bdd1031e3f0dd9b"},
    {file = "pymssql-2.3.1-cp37-cp37m-manylinux_2_17_i686.manylinux2014_i686.whl", hash = "sha256:47ac89098732c327725b53464932c6a532367271a3d5c5a988f61e23e0e0e286"},
    {file = "pymssql-2.3.1-cp37-cp37m-manylinux_2_17_x86_64.manylinux2014_x86_64.whl", hash = "sha256:2f284fc052cf1dbc702a2f4d13442d87fc6847ba9054faccfc8d8446fcf00894"},
    {file = "pymssql-2.3.1-cp37-cp37m-manylinux_2_28_x86_64.whl", hash = "sha256:40778b65c09eef9e7c25c444b96e76f81d8b5cf1828cb555123d052b7d3b5661"},
    {file = "pymssql-2.3.1-cp37-cp37m-manylinux_2_5_i686.manylinux1_i686.whl", hash = "sha256:22c8609bc7f8b13d383729ba09042b4d796a607c93779c616be51b37caa6b384"},
    {file = "pymssql-2.3.1-cp37-cp37m-manylinux_2_5_x86_64.manylinux1_x86_64.whl", hash = "sha256:ab2aea2ae8bc1aba0105fccbf9e4f6716648b2b8f9421fd3418c6cc798fca43e"},
    {file = "pymssql-2.3.1-cp37-cp37m-musllinux_1_1_i686.whl", hash = "sha256:e594de69832ad13761412f4d5c981a6e5d931b22f25136c8cd3531d9c6cfdf63"},
    {file = "pymssql-2.3.1-cp37-cp37m-musllinux_1_1_x86_64.whl", hash = "sha256:68f879b4ec4b2191a1d8b3bb24db04c3631737653785369c275bd5a574e54093"},
    {file = "pymssql-2.3.1-cp37-cp37m-musllinux_1_2_i686.whl", hash = "sha256:9ef157e63a1c19e7ab4823237b5f03a3bca45e1e94a4d5ed73baab6d019830c7"},
    {file = "pymssql-2.3.1-cp37-cp37m-musllinux_1_2_x86_64.whl", hash = "sha256:66afe6ee539e37cdfea0c6b2d596ec0d2a6223f09450c4df7cf872bad12691fe"},
    {file = "pymssql-2.3.1-cp37-cp37m-win32.whl", hash = "sha256:b9cc14a9f63e632200f54311da9868ece2715fa9560f6272c9bb82c57edc0543"},
    {file = "pymssql-2.3.1-cp37-cp37m-win_amd64.whl", hash = "sha256:54bc10f28c0acc1347d3c7056e702ad21f128e6bf7737b4edc8c267372db9ce8"},
    {file = "pymssql-2.3.1-cp38-cp38-manylinux_2_17_aarch64.manylinux2014_aarch64.whl", hash = "sha256:c8d955e751fb125be2a8513b5a338457a3fe73e5daa094815f96a86e496f7149"},
    {file = "pymssql-2.3.1-cp38-cp38-manylinux_2_17_i686.manylinux2014_i686.whl", hash = "sha256:4c13ca6eaf0d7f16af9edf87d58070329bfacb7f27b90e1de16318d64c7b873b"},
    {file = "pymssql-2.3.1-cp38-cp38-manylinux_2_17_x86_64.manylinux2014_x86_64.whl", hash = "sha256:5ecb0cdea24e2c019fb403fd642c04a64e8767c79f8dd38451eb5d72ceffce34"},
    {file = "pymssql-2.3.1-cp38-cp38-manylinux_2_28_x86_64.whl", hash = "sha256:afd57a728e81d73a0f43f3d28216c402fea03bd06a382da881dfc8215fb4080d"},
    {file = "pymssql-2.3.1-cp38-cp38-manylinux_2_5_i686.manylinux1_i686.whl", hash = "sha256:5e6f6d9de73309cda602bbb769cb707f08d6899664f3ac6e9ed3e3b1ad472cee"},
    {file = "pymssql-2.3.1-cp38-cp38-manylinux_2_5_x86_64.manylinux1_x86_64.whl", hash = "sha256:02b808dbb86bbe751dd3fd117e83926b0a19ca9d9b833fae945bf2e31be66bf6"},
    {file = "pymssql-2.3.1-cp38-cp38-musllinux_1_1_i686.whl", hash = "sha256:b0f1ba9befe23e6c4e75c2a626ffe59d159ab3a425a0208515888ec8670bf5bf"},
    {file = "pymssql-2.3.1-cp38-cp38-musllinux_1_1_x86_64.whl", hash = "sha256:8eecb4f3b41b8b29a0cbe502ae37b6477063d690151f668c410328f101f6198b"},
    {file = "pymssql-2.3.1-cp38-cp38-musllinux_1_2_i686.whl", hash = "sha256:a36c8b089e2d7b606aee823eefdfd72f5df110241fc5d913094b0b9da2692794"},
    {file = "pymssql-2.3.1-cp38-cp38-musllinux_1_2_x86_64.whl", hash = "sha256:425de7d3f38cd1867c30b7c352d66020f38fdcdf804282ee232f5e25672930c1"},
    {file = "pymssql-2.3.1-cp38-cp38-win32.whl", hash = "sha256:ce397eb6a2a90fcd2a83d8812c1b8752af3b5362e630da49aa556c947e32ce3d"},
    {file = "pymssql-2.3.1-cp38-cp38-win_amd64.whl", hash = "sha256:02c4ab7a58bfb57edb2deee7e2aceed2512960e7c2c1fd2cb23c647471a36ba2"},
    {file = "pymssql-2.3.1-cp39-cp39-macosx_13_0_x86_64.whl", hash = "sha256:750078568dafc1e0a24cf0f51eecfe548b13440976a2c8b19cc6e5d38e7b10bc"},
    {file = "pymssql-2.3.1-cp39-cp39-manylinux_2_17_aarch64.manylinux2014_aarch64.whl", hash = "sha256:5a651dd98f67eef98f429c949fb50ea0a92fcf8668834cc35909237c24c1b906"},
    {file = "pymssql-2.3.1-cp39-cp39-manylinux_2_17_i686.manylinux2014_i686.whl", hash = "sha256:a1ecedaeec8f4d8643d088b4985f0b742d9669bff701153a845b0d1900260b81"},
    {file = "pymssql-2.3.1-cp39-cp39-manylinux_2_17_x86_64.manylinux2014_x86_64.whl", hash = "sha256:015f6ccd1bcb53f22a3226653d0d8155da40f4afbc1fd0cec25de5fe8decf126"},
    {file = "pymssql-2.3.1-cp39-cp39-manylinux_2_28_x86_64.whl", hash = "sha256:da44761ca2f996d88f90c0f972b583dfe9c389db84888bd8209cdb83508f7c7a"},
    {file = "pymssql-2.3.1-cp39-cp39-manylinux_2_5_i686.manylinux1_i686.whl", hash = "sha256:9557b738475e06dfd53f97d8a2c2b259b9b9fd79bf1a4e084ae4e9f164be644d"},
    {file = "pymssql-2.3.1-cp39-cp39-manylinux_2_5_x86_64.manylinux1_x86_64.whl", hash = "sha256:a1f3f2e2792364a50417f3c2dc0d8f125955c1b641f36eb313daf666045b9748"},
    {file = "pymssql-2.3.1-cp39-cp39-musllinux_1_1_i686.whl", hash = "sha256:be8af4dea025f171ffb1e5b17cb0c9cbc92b0e3c32d0517bc678fff6f660e5fb"},
    {file = "pymssql-2.3.1-cp39-cp39-musllinux_1_1_x86_64.whl", hash = "sha256:a87950fb1a2b1c4028064fac971f3e191adebb58657ca985330f70e02f95223e"},
    {file = "pymssql-2.3.1-cp39-cp39-musllinux_1_2_i686.whl", hash = "sha256:9ea04bf8e13d567650631a944c88886c99a5622d9491e896a9b5a9ffbef2e352"},
    {file = "pymssql-2.3.1-cp39-cp39-musllinux_1_2_x86_64.whl", hash = "sha256:4d93a82f8ad7d3606354b81bbbe7e7832f70fd6e9ccb2e04a2975117da5df973"},
    {file = "pymssql-2.3.1-cp39-cp39-win32.whl", hash = "sha256:6a2657152d4007314b66f353a25fc2742155c2770083320b5255fc576103661e"},
    {file = "pymssql-2.3.1-cp39-cp39-win_amd64.whl", hash = "sha256:6c9ffb3ef110bf0fc2a41c845f231cf749162b1d71e02b0aceb6c0ebc603e2e9"},
    {file = "pymssql-2.3.1.tar.gz", hash = "sha256:ddee15c4c193e14c92fe2cd720ca9be1dba1e0f4178240380b8f5f6f00da04c6"},
]

[[package]]
name = "python-dotenv"
version = "1.0.1"
description = "Read key-value pairs from a .env file and set them as environment variables"
optional = false
python-versions = ">=3.8"
files = [
    {file = "python-dotenv-1.0.1.tar.gz", hash = "sha256:e324ee90a023d808f1959c46bcbc04446a10ced277783dc6ee09987c37ec10ca"},
    {file = "python_dotenv-1.0.1-py3-none-any.whl", hash = "sha256:f7b63ef50f1b690dddf550d03497b66d609393b40b564ed0d674909a68ebf16a"},
]

[package.extras]
cli = ["click (>=5.0)"]

[[package]]
name = "rich"
version = "13.8.1"
description = "Render rich text, tables, progress bars, syntax highlighting, markdown and more to the terminal"
optional = false
python-versions = ">=3.7.0"
files = [
    {file = "rich-13.8.1-py3-none-any.whl", hash = "sha256:1760a3c0848469b97b558fc61c85233e3dafb69c7a071b4d60c38099d3cd4c06"},
    {file = "rich-13.8.1.tar.gz", hash = "sha256:8260cda28e3db6bf04d2d1ef4dbc03ba80a824c88b0e7668a0f23126a424844a"},
]

[package.dependencies]
markdown-it-py = ">=2.2.0"
pygments = ">=2.13.0,<3.0.0"

[package.extras]
jupyter = ["ipywidgets (>=7.5.1,<9)"]

[[package]]
name = "shellingham"
version = "1.5.4"
description = "Tool to Detect Surrounding Shell"
optional = false
python-versions = ">=3.7"
files = [
    {file = "shellingham-1.5.4-py2.py3-none-any.whl", hash = "sha256:7ecfff8f2fd72616f7481040475a65b2bf8af90a56c89140852d1120324e8686"},
    {file = "shellingham-1.5.4.tar.gz", hash = "sha256:8dbca0739d487e5bd35ab3ca4b36e11c4078f3a234bfce294b0a0291363404de"},
]

[[package]]
name = "typer"
version = "0.12.5"
description = "Typer, build great CLIs. Easy to code. Based on Python type hints."
optional = false
python-versions = ">=3.7"
files = [
    {file = "typer-0.12.5-py3-none-any.whl", hash = "sha256:62fe4e471711b147e3365034133904df3e235698399bc4de2b36c8579298d52b"},
    {file = "typer-0.12.5.tar.gz", hash = "sha256:f592f089bedcc8ec1b974125d64851029c3b1af145f04aca64d69410f0c9b722"},
]

[package.dependencies]
click = ">=8.0.0"
rich = ">=10.11.0"
shellingham = ">=1.3.0"
typing-extensions = ">=3.7.4.3"

[[package]]
name = "typing-extensions"
version = "4.12.2"
description = "Backported and Experimental Type Hints for Python 3.8+"
optional = false
python-versions = ">=3.8"
files = [
    {file = "typing_extensions-4.12.2-py3-none-any.whl", hash = "sha256:04e5ca0351e0f3f85c6853954072df659d0d13fac324d0072316b67d7794700d"},
    {file = "typing_extensions-4.12.2.tar.gz", hash = "sha256:1a7ead55c7e559dd4dee8856e3a88b41225abfe1ce8df57b7c13915fe121ffb8"},
]

[metadata]
lock-version = "2.0"
python-versions = "^3.12"
content-hash = "ad2804f93dc33174d77357b2679f8fc1140ef50e462db8005a988760cbdc3dff"
